
Microsoft Visual Studio Solution File, Format Version 12.00
# Visual Studio Version 17
VisualStudioVersion = 17.13.35806.99 d17.13
MinimumVisualStudioVersion = 10.0.40219.1
Project("{FAE04EC0-301F-11D3-BF4B-00C04F79EFBC}") = "declaracion y uso de variables", "declaracion y uso de variables.csproj", "{4E489F83-22EC-4CAA-B7EE-B100D5157871}"
EndProject
Global
	GlobalSection(SolutionConfigurationPlatforms) = preSolution
		Debug|Any CPU = Debug|Any CPU
		Release|Any CPU = Release|Any CPU
	EndGlobalSection
	GlobalSection(ProjectConfigurationPlatforms) = postSolution
		{4E489F83-22EC-4CAA-B7EE-B100D5157871}.Debug|Any CPU.ActiveCfg = Debug|Any CPU
		{4E489F83-22EC-4CAA-B7EE-B100D5157871}.Debug|Any CPU.Build.0 = Debug|Any CPU
		{4E489F83-22EC-4CAA-B7EE-B100D5157871}.Release|Any CPU.ActiveCfg = Release|Any CPU
		{4E489F83-22EC-4CAA-B7EE-B100D5157871}.Release|Any CPU.Build.0 = Release|Any CPU
	EndGlobalSection
	GlobalSection(SolutionProperties) = preSolution
		HideSolutionNode = FALSE
	EndGlobalSection
	GlobalSection(ExtensibilityGlobals) = postSolution
		SolutionGuid = {C685F5EC-EEA3-44B3-9685-02AE6F0F2C94}
	EndGlobalSection
EndGlobal
